Microsoft Visual Studio Solution File, Format Version 12.00
# Visual Studio Version 16
VisualStudioVersion = 16.0.0.0
MinimumVisualStudioVersion = 16.0.0.0
Project("{9A19103F-16F7-4668-BE54-9A1E7A4F7556}") = "SecuringClientSideHosted.Server", "Server\SecuringClientSideHosted.Server.csproj", "{6B5C2DB8-2F4B-4E14-970F-9F0B8A7D9E12}"
EndProject
Project("{9A19103F-16F7-4668-BE54-9A1E7A4F7556}") = "SecuringClientSideHosted.Client", "Client\SecuringClientSideHosted.Client.csproj", "{D649269E-7374-49FC-8A84-BCA393EE711B}"
EndProject
Project("{9A19103F-16F7-4668-BE54-9A1E7A4F7556}") = "SecuringClientSideHosted.Shared", "Shared\SecuringClientSideHosted.Shared.csproj", "{205F669A-8473-4CC1-BCD6-317918A9C30D}"
EndProject
Global
	GlobalSection(SolutionConfigurationPlatforms) = preSolution
		Debug|Any CPU = Debug|Any CPU
		Debug|x64 = Debug|x64
		Debug|x86 = Debug|x86
		Release|Any CPU = Release|Any CPU
		Release|x64 = Release|x64
		Release|x86 = Release|x86
	EndGlobalSection
	GlobalSection(ProjectConfigurationPlatforms) = postSolution
		{D649269E-7374-49FC-8A84-BCA393EE711B}.Debug|Any CPU.ActiveCfg = Debug|Any CPU
		{D649269E-7374-49FC-8A84-BCA393EE711B}.Debug|Any CPU.Build.0 = Debug|Any CPU
		{D649269E-7374-49FC-8A84-BCA393EE711B}.Debug|x64.ActiveCfg = Debug|Any CPU
		{D649269E-7374-49FC-8A84-BCA393EE711B}.Debug|x64.Build.0 = Debug|Any CPU
		{D649269E-7374-49FC-8A84-BCA393EE711B}.Debug|x86.ActiveCfg = Debug|Any CPU
		{D649269E-7374-49FC-8A84-BCA393EE711B}.Debug|x86.Build.0 = Debug|Any CPU
		{D649269E-7374-49FC-8A84-BCA393EE711B}.Release|Any CPU.ActiveCfg = Release|Any CPU
		{D649269E-7374-49FC-8A84-BCA393EE711B}.Release|Any CPU.Build.0 = Release|Any CPU
		{D649269E-7374-49FC-8A84-BCA393EE711B}.Release|x64.ActiveCfg = Release|Any CPU
		{D649269E-7374-49FC-8A84-BCA393EE711B}.Release|x64.Build.0 = Release|Any CPU
		{D649269E-7374-49FC-8A84-BCA393EE711B}.Release|x86.ActiveCfg = Release|Any CPU
		{D649269E-7374-49FC-8A84-BCA393EE711B}.Release|x86.Build.0 = Release|Any CPU
		{6B5C2DB8-2F4B-4E14-970F-9F0B8A7D9E12}.Debug|Any CPU.ActiveCfg = Debug|Any CPU
		{6B5C2DB8-2F4B-4E14-970F-9F0B8A7D9E12}.Debug|Any CPU.Build.0 = Debug|Any CPU
		{6B5C2DB8-2F4B-4E14-970F-9F0B8A7D9E12}.Debug|x64.ActiveCfg = Debug|Any CPU
		{6B5C2DB8-2F4B-4E14-970F-9F0B8A7D9E12}.Debug|x64.Build.0 = Debug|Any CPU
		{6B5C2DB8-2F4B-4E14-970F-9F0B8A7D9E12}.Debug|x86.ActiveCfg = Debug|Any CPU
		{6B5C2DB8-2F4B-4E14-970F-9F0B8A7D9E12}.Debug|x86.Build.0 = Debug|Any CPU
		{6B5C2DB8-2F4B-4E14-970F-9F0B8A7D9E12}.Release|Any CPU.ActiveCfg = Release|Any CPU
		{6B5C2DB8-2F4B-4E14-970F-9F0B8A7D9E12}.Release|Any CPU.Build.0 = Release|Any CPU
		{6B5C2DB8-2F4B-4E14-970F-9F0B8A7D9E12}.Release|x64.ActiveCfg = Release|Any CPU
		{6B5C2DB8-2F4B-4E14-970F-9F0B8A7D9E12}.Release|x64.Build.0 = Release|Any CPU
		{6B5C2DB8-2F4B-4E14-970F-9F0B8A7D9E12}.Release|x86.ActiveCfg = Release|Any CPU
		{6B5C2DB8-2F4B-4E14-970F-9F0B8A7D9E12}.Release|x86.Build.0 = Release|Any CPU
		{205F669A-8473-4CC1-BCD6-317918A9C30D}.Debug|Any CPU.ActiveCfg = Debug|Any CPU
		{205F669A-8473-4CC1-BCD6-317918A9C30D}.Debug|Any CPU.Build.0 = Debug|Any CPU
		{205F669A-8473-4CC1-BCD6-317918A9C30D}.Debug|x64.ActiveCfg = Debug|Any CPU
		{205F669A-8473-4CC1-BCD6-317918A9C30D}.Debug|x64.Build.0 = Debug|Any CPU
		{205F669A-8473-4CC1-BCD6-317918A9C30D}.Debug|x86.ActiveCfg = Debug|Any CPU
		{205F669A-8473-4CC1-BCD6-317918A9C30D}.Debug|x86.Build.0 = Debug|Any CPU
		{205F669A-8473-4CC1-BCD6-317918A9C30D}.Release|Any CPU.ActiveCfg = Release|Any CPU
		{205F669A-8473-4CC1-BCD6-317918A9C30D}.Release|Any CPU.Build.0 = Release|Any CPU
		{205F669A-8473-4CC1-BCD6-317918A9C30D}.Release|x64.ActiveCfg = Release|Any CPU
		{205F669A-8473-4CC1-BCD6-317918A9C30D}.Release|x64.Build.0 = Release|Any CPU
		{205F669A-8473-4CC1-BCD6-317918A9C30D}.Release|x86.ActiveCfg = Release|Any CPU
		{205F669A-8473-4CC1-BCD6-317918A9C30D}.Release|x86.Build.0 = Release|Any CPU
	EndGlobalSection
	GlobalSection(SolutionProperties) = preSolution
		HideSolutionNode = FALSE
	EndGlobalSection
	GlobalSection(ExtensibilityGlobals) = postSolution
		SolutionGuid = {9319769E-4E79-40D9-93A6-372F8E97806F}
	EndGlobalSection
EndGlobal